// !$*UTF8*$!
{
	archiveVersion = 1;
	classes = {
	};
	objectVersion = 77;
	objects = {

/* Begin PBXBuildFile section */
		051A37A5AA60FD42A48F16DB /* Redump.swift in Sources */ = {isa = PBXBuildFile; fileRef = 99078C03935BE15FB877390D /* Redump.swift */; };
		1A5C4EF8F745C07E57A6DEC8 /* QueueRow.swift in Sources */ = {isa = PBXBuildFile; fileRef = A09AB0BCCF059E9A6741FDB6 /* QueueRow.swift */; };
		1C880606D8C9A75334B61AB3 /* DiscAudit.swift in Sources */ = {isa = PBXBuildFile; fileRef = BF7D15E5993BE00BB2719A5A /* DiscAudit.swift */; };
		31713D228064B33FD5022D3D /* CueSheetTests.swift in Sources */ = {isa = PBXBuildFile; fileRef = 3F62AF4F1BBE1C8D3CF8F5C1 /* CueSheetTests.swift */; };
		38FDE9B034824181F51194ED /* DiscAuditTests.swift in Sources */ = {isa = PBXBuildFile; fileRef = 28F1D20FDA4B2CD4E59AB407 /* DiscAuditTests.swift */; };
		3B37BCE1A9280FE42964B4D1 /* CRC32.swift in Sources */ = {isa = PBXBuildFile; fileRef = 5F1FC77FA7AC46016032BF5D /* CRC32.swift */; };
		43DC885D89D16ABBFE0E68E3 /* libSDL3.0.dylib in Resources */ = {isa = PBXBuildFile; fileRef = 387595D8E3B767877971D890 /* libSDL3.0.dylib */; };
		50D0F836394CA7D277E11400 /* FileItem.swift in Sources */ = {isa = PBXBuildFile; fileRef = BD9C39C282C0467756DF381B /* FileItem.swift */; };
		602697DB8F0F0104B48BA560 /* RedumpAuditTests.swift in Sources */ = {isa = PBXBuildFile; fileRef = 5F7E3AFA95F20CD9103F2410 /* RedumpAuditTests.swift */; };
		67772E63CD543ED709CB66BD /* HunkyTheme.swift in Sources */ = {isa = PBXBuildFile; fileRef = D242ED4066FB7B9865012F46 /* HunkyTheme.swift */; };
		6C63D3C85954F6AE2DF2E0BB /* QueueControllerTests.swift in Sources */ = {isa = PBXBuildFile; fileRef = EDB63867C19E59BE8434F6DF /* QueueControllerTests.swift */; };
		6EFDA5163C1289BF8A1599CD /* HunkyApp.swift in Sources */ = {isa = PBXBuildFile; fileRef = F27D53EF10CDB99EF265DD50 /* HunkyApp.swift */; };
		73A75F82CD679C7A24FA7DC5 /* DiscInspector.swift in Sources */ = {isa = PBXBuildFile; fileRef = B9C21E25C987C2FF7FA78D59 /* DiscInspector.swift */; };
		7695873F18EABFD613BAF623 /* QueueController.swift in Sources */ = {isa = PBXBuildFile; fileRef = 68AB9A3BA52EC2F6B4E770BA /* QueueController.swift */; };
		778D83EA3577B900CB3AB7BD /* DiscAuditIssue.swift in Sources */ = {isa = PBXBuildFile; fileRef = 873DD5BB05D4E9DE25C48AF3 /* DiscAuditIssue.swift */; };
		77F3E98FC2C1D32F290AB046 /* ContentView.swift in Sources */ = {isa = PBXBuildFile; fileRef = C3FF5EBEBDA6C046AC18E417 /* ContentView.swift */; };
		81FCEEC6C23454C2DCD95715 /* ChdmanRunner.swift in Sources */ = {isa = PBXBuildFile; fileRef = CFCD5DC416543117519A3DC5 /* ChdmanRunner.swift */; };
		A33B81B946F70431E4D204CF /* HunkyCommands.swift in Sources */ = {isa = PBXBuildFile; fileRef = 32DCA55C49EED960FD68C640 /* HunkyCommands.swift */; };
		C0B35ADB0DCC8D822C07D580 /* redump in Resources */ = {isa = PBXBuildFile; fileRef = F62F784B9182F596B6275DD2 /* redump */; };
		C2B10253C5D79953C844F336 /* CueSheet.swift in Sources */ = {isa = PBXBuildFile; fileRef = C4D9D020F018F1540084D437 /* CueSheet.swift */; };
		CD3C691DEA246E7FD1C725FA /* DropZone.swift in Sources */ = {isa = PBXBuildFile; fileRef = 4C42E0708D352A955AEBA314 /* DropZone.swift */; };
		D9B26AB5105E66ADD261F07C /* QueuePresentation.swift in Sources */ = {isa = PBXBuildFile; fileRef = 7BFDD9C24AC5B585C455126B /* QueuePresentation.swift */; };
		DCCF29836E6771B192BF0881 /* chdman in Resources */ = {isa = PBXBuildFile; fileRef = 2BFA205F4D1C83907CF7F627 /* chdman */; };
/* End PBXBuildFile section */

/* Begin PBXContainerItemProxy section */
		25F1EEDAB847DC13138572E3 /* PBXContainerItemProxy */ = {
			isa = PBXContainerItemProxy;
			containerPortal = 1CB434E957E9C96AB9C8A6A0 /* Project object */;
			proxyType = 1;
			remoteGlobalIDString = F53C3EC2B0F51499FC6C1E9C;
			remoteInfo = Hunky;
		};
/* End PBXContainerItemProxy section */

/* Begin PBXFileReference section */
		28F1D20FDA4B2CD4E59AB407 /* DiscAuditTests.swift */ = {isa = PBXFileReference; lastKnownFileType = sourcecode.swift; path = DiscAuditTests.swift; sourceTree = "<group>"; };
		2BFA205F4D1C83907CF7F627 /* chdman */ = {isa = PBXFileReference; path = chdman; sourceTree = "<group>"; };
		32DCA55C49EED960FD68C640 /* HunkyCommands.swift */ = {isa = PBXFileReference; lastKnownFileType = sourcecode.swift; path = HunkyCommands.swift; sourceTree = "<group>"; };
		387595D8E3B767877971D890 /* libSDL3.0.dylib */ = {isa = PBXFileReference; lastKnownFileType = "compiled.mach-o.dylib"; path = libSDL3.0.dylib; sourceTree = "<group>"; };
		3F62AF4F1BBE1C8D3CF8F5C1 /* CueSheetTests.swift */ = {isa = PBXFileReference; lastKnownFileType = sourcecode.swift; path = CueSheetTests.swift; sourceTree = "<group>"; };
		4C42E0708D352A955AEBA314 /* DropZone.swift */ = {isa = PBXFileReference; lastKnownFileType = sourcecode.swift; path = DropZone.swift; sourceTree = "<group>"; };
		5F1FC77FA7AC46016032BF5D /* CRC32.swift */ = {isa = PBXFileReference; lastKnownFileType = sourcecode.swift; path = CRC32.swift; sourceTree = "<group>"; };
		5F7E3AFA95F20CD9103F2410 /* RedumpAuditTests.swift */ = {isa = PBXFileReference; lastKnownFileType = sourcecode.swift; path = RedumpAuditTests.swift; sourceTree = "<group>"; };
		67CD58E10D6184EB20944590 /* HunkyTests.xctest */ = {isa = PBXFileReference; explicitFileType = wrapper.cfbundle; includeInIndex = 0; path = HunkyTests.xctest; sourceTree = BUILT_PRODUCTS_DIR; };
		68AB9A3BA52EC2F6B4E770BA /* QueueController.swift */ = {isa = PBXFileReference; lastKnownFileType = sourcecode.swift; path = QueueController.swift; sourceTree = "<group>"; };
		7BFDD9C24AC5B585C455126B /* QueuePresentation.swift */ = {isa = PBXFileReference; lastKnownFileType = sourcecode.swift; path = QueuePresentation.swift; sourceTree = "<group>"; };
		873DD5BB05D4E9DE25C48AF3 /* DiscAuditIssue.swift */ = {isa = PBXFileReference; lastKnownFileType = sourcecode.swift; path = DiscAuditIssue.swift; sourceTree = "<group>"; };
		99078C03935BE15FB877390D /* Redump.swift */ = {isa = PBXFileReference; lastKnownFileType = sourcecode.swift; path = Redump.swift; sourceTree = "<group>"; };
		A09AB0BCCF059E9A6741FDB6 /* QueueRow.swift */ = {isa = PBXFileReference; lastKnownFileType = sourcecode.swift; path = QueueRow.swift; sourceTree = "<group>"; };
		B9C21E25C987C2FF7FA78D59 /* DiscInspector.swift */ = {isa = PBXFileReference; lastKnownFileType = sourcecode.swift; path = DiscInspector.swift; sourceTree = "<group>"; };
		BD9C39C282C0467756DF381B /* FileItem.swift */ = {isa = PBXFileReference; lastKnownFileType = sourcecode.swift; path = FileItem.swift; sourceTree = "<group>"; };
		BF7D15E5993BE00BB2719A5A /* DiscAudit.swift */ = {isa = PBXFileReference; lastKnownFileType = sourcecode.swift; path = DiscAudit.swift; sourceTree = "<group>"; };
		C3FF5EBEBDA6C046AC18E417 /* ContentView.swift */ = {isa = PBXFileReference; lastKnownFileType = sourcecode.swift; path = ContentView.swift; sourceTree = "<group>"; };
		C4D9D020F018F1540084D437 /* CueSheet.swift */ = {isa = PBXFileReference; lastKnownFileType = sourcecode.swift; path = CueSheet.swift; sourceTree = "<group>"; };
		CFCD5DC416543117519A3DC5 /* ChdmanRunner.swift */ = {isa = PBXFileReference; lastKnownFileType = sourcecode.swift; path = ChdmanRunner.swift; sourceTree = "<group>"; };
		D242ED4066FB7B9865012F46 /* HunkyTheme.swift */ = {isa = PBXFileReference; lastKnownFileType = sourcecode.swift; path = HunkyTheme.swift; sourceTree = "<group>"; };
		D6CFFBE3080D76D1E984D045 /* Hunky.app */ = {isa = PBXFileReference; explicitFileType = wrapper.application; includeInIndex = 0; path = Hunky.app; sourceTree = BUILT_PRODUCTS_DIR; };
		EDB63867C19E59BE8434F6DF /* QueueControllerTests.swift */ = {isa = PBXFileReference; lastKnownFileType = sourcecode.swift; path = QueueControllerTests.swift; sourceTree = "<group>"; };
		F27D53EF10CDB99EF265DD50 /* HunkyApp.swift */ = {isa = PBXFileReference; lastKnownFileType = sourcecode.swift; path = HunkyApp.swift; sourceTree = "<group>"; };
		F62F784B9182F596B6275DD2 /* redump */ = {isa = PBXFileReference; lastKnownFileType = folder; name = redump; path = Resources/redump; sourceTree = SOURCE_ROOT; };
/* End PBXFileReference section */

/* Begin PBXGroup section */
		299E4AE4209F112111F378A7 /* Hunky */ = {
			isa = PBXGroup;
			children = (
				F27D53EF10CDB99EF265DD50 /* HunkyApp.swift */,
				32DCA55C49EED960FD68C640 /* HunkyCommands.swift */,
				95E138A108850146E2243CD7 /* Core */,
				723CA00DDB2B4DF2C860D266 /* Views */,
			);
			path = Hunky;
			sourceTree = "<group>";
		};
		39F57225369DACD254B5208B /* Products */ = {
			isa = PBXGroup;
			children = (
				D6CFFBE3080D76D1E984D045 /* Hunky.app */,
				67CD58E10D6184EB20944590 /* HunkyTests.xctest */,
			);
			name = Products;
			sourceTree = "<group>";
		};
		61A1F03CFD16B032B3BA7436 /* Tests */ = {
			isa = PBXGroup;
			children = (
				D2FD1F0C2BEF29D5FCDCB3EC /* HunkyTests */,
			);
			path = Tests;
			sourceTree = "<group>";
		};
		723CA00DDB2B4DF2C860D266 /* Views */ = {
			isa = PBXGroup;
			children = (
				C3FF5EBEBDA6C046AC18E417 /* ContentView.swift */,
				4C42E0708D352A955AEBA314 /* DropZone.swift */,
				D242ED4066FB7B9865012F46 /* HunkyTheme.swift */,
				A09AB0BCCF059E9A6741FDB6 /* QueueRow.swift */,
			);
			path = Views;
			sourceTree = "<group>";
		};
		95E138A108850146E2243CD7 /* Core */ = {
			isa = PBXGroup;
			children = (
				CFCD5DC416543117519A3DC5 /* ChdmanRunner.swift */,
				5F1FC77FA7AC46016032BF5D /* CRC32.swift */,
				C4D9D020F018F1540084D437 /* CueSheet.swift */,
				BF7D15E5993BE00BB2719A5A /* DiscAudit.swift */,
				873DD5BB05D4E9DE25C48AF3 /* DiscAuditIssue.swift */,
				B9C21E25C987C2FF7FA78D59 /* DiscInspector.swift */,
				BD9C39C282C0467756DF381B /* FileItem.swift */,
				68AB9A3BA52EC2F6B4E770BA /* QueueController.swift */,
				7BFDD9C24AC5B585C455126B /* QueuePresentation.swift */,
				99078C03935BE15FB877390D /* Redump.swift */,
			);
			path = Core;
			sourceTree = "<group>";
		};
		ADB972DD6944D9C6B81988CF = {
			isa = PBXGroup;
			children = (
				DFE85CE9F212C3FACE45DA78 /* Resources */,
				F21FD17FDCA8AD9D4FEAFB27 /* Sources */,
				61A1F03CFD16B032B3BA7436 /* Tests */,
				39F57225369DACD254B5208B /* Products */,
			);
			sourceTree = "<group>";
		};
		D2FD1F0C2BEF29D5FCDCB3EC /* HunkyTests */ = {
			isa = PBXGroup;
			children = (
				3F62AF4F1BBE1C8D3CF8F5C1 /* CueSheetTests.swift */,
				28F1D20FDA4B2CD4E59AB407 /* DiscAuditTests.swift */,
				EDB63867C19E59BE8434F6DF /* QueueControllerTests.swift */,
				5F7E3AFA95F20CD9103F2410 /* RedumpAuditTests.swift */,
			);
			path = HunkyTests;
			sourceTree = "<group>";
		};
		DFE85CE9F212C3FACE45DA78 /* Resources */ = {
			isa = PBXGroup;
			children = (
				2BFA205F4D1C83907CF7F627 /* chdman */,
				387595D8E3B767877971D890 /* libSDL3.0.dylib */,
				F62F784B9182F596B6275DD2 /* redump */,
			);
			path = Resources;
			sourceTree = "<group>";
		};
		F21FD17FDCA8AD9D4FEAFB27 /* Sources */ = {
			isa = PBXGroup;
			children = (
				299E4AE4209F112111F378A7 /* Hunky */,
			);
			path = Sources;
			sourceTree = "<group>";
		};
/* End PBXGroup section */

/* Begin PBXNativeTarget section */
		3B3C6EF90D14702979C1E031 /* HunkyTests */ = {
			isa = PBXNativeTarget;
			buildConfigurationList = 393E3F9E5F18C9749FC6F4A2 /* Build configuration list for PBXNativeTarget "HunkyTests" */;
			buildPhases = (
				12A1E4131A5A3DAF2F8EC193 /* Sources */,
			);
			buildRules = (
			);
			dependencies = (
				6B7984284D3164305AC349B6 /* PBXTargetDependency */,
			);
			name = HunkyTests;
			packageProductDependencies = (
			);
			productName = HunkyTests;
			productReference = 67CD58E10D6184EB20944590 /* HunkyTests.xctest */;
			productType = "com.apple.product-type.bundle.unit-test";
		};
		F53C3EC2B0F51499FC6C1E9C /* Hunky */ = {
			isa = PBXNativeTarget;
			buildConfigurationList = 47675678B2FA1392BABD20EB /* Build configuration list for PBXNativeTarget "Hunky" */;
			buildPhases = (
				F1430ADAFC20F8EFF501704C /* Sources */,
				9ADE0BBB038FD85B1CAAC5F5 /* Resources */,
			);
			buildRules = (
			);
			dependencies = (
			);
			name = Hunky;
			packageProductDependencies = (
			);
			productName = Hunky;
			productReference = D6CFFBE3080D76D1E984D045 /* Hunky.app */;
			productType = "com.apple.product-type.application";
		};
/* End PBXNativeTarget section */

/* Begin PBXProject section */
		1CB434E957E9C96AB9C8A6A0 /* Project object */ = {
			isa = PBXProject;
			attributes = {
				BuildIndependentTargetsInParallel = YES;
				LastUpgradeCheck = 1430;
				TargetAttributes = {
					3B3C6EF90D14702979C1E031 = {
						DevelopmentTeam = "";
						ProvisioningStyle = Automatic;
					};
					F53C3EC2B0F51499FC6C1E9C = {
						DevelopmentTeam = "";
						ProvisioningStyle = Automatic;
					};
				};
			};
			buildConfigurationList = 273E31D5EFC2D433E5DA0C35 /* Build configuration list for PBXProject "Hunky" */;
			developmentRegion = en;
			hasScannedForEncodings = 0;
			knownRegions = (
				Base,
				en,
			);
			mainGroup = ADB972DD6944D9C6B81988CF;
			minimizedProjectReferenceProxies = 1;
			preferredProjectObjectVersion = 77;
			productRefGroup = 39F57225369DACD254B5208B /* Products */;
			projectDirPath = "";
			projectRoot = "";
			targets = (
				F53C3EC2B0F51499FC6C1E9C /* Hunky */,
				3B3C6EF90D14702979C1E031 /* HunkyTests */,
			);
		};
/* End PBXProject section */

/* Begin PBXResourcesBuildPhase section */
		9ADE0BBB038FD85B1CAAC5F5 /* Resources */ = {
			isa = PBXResourcesBuildPhase;
			buildActionMask = 2147483647;
			files = (
				DCCF29836E6771B192BF0881 /* chdman in Resources */,
				43DC885D89D16ABBFE0E68E3 /* libSDL3.0.dylib in Resources */,
				C0B35ADB0DCC8D822C07D580 /* redump in Resources */,
			);
			runOnlyForDeploymentPostprocessing = 0;
		};
/* End PBXResourcesBuildPhase section */

/* Begin PBXSourcesBuildPhase section */
		12A1E4131A5A3DAF2F8EC193 /* Sources */ = {
			isa = PBXSourcesBuildPhase;
			buildActionMask = 2147483647;
			files = (
				31713D228064B33FD5022D3D /* CueSheetTests.swift in Sources */,
				38FDE9B034824181F51194ED /* DiscAuditTests.swift in Sources */,
				6C63D3C85954F6AE2DF2E0BB /* QueueControllerTests.swift in Sources */,
				602697DB8F0F0104B48BA560 /* RedumpAuditTests.swift in Sources */,
			);
			runOnlyForDeploymentPostprocessing = 0;
		};
		F1430ADAFC20F8EFF501704C /* Sources */ = {
			isa = PBXSourcesBuildPhase;
			buildActionMask = 2147483647;
			files = (
				3B37BCE1A9280FE42964B4D1 /* CRC32.swift in Sources */,
				81FCEEC6C23454C2DCD95715 /* ChdmanRunner.swift in Sources */,
				77F3E98FC2C1D32F290AB046 /* ContentView.swift in Sources */,
				C2B10253C5D79953C844F336 /* CueSheet.swift in Sources */,
				1C880606D8C9A75334B61AB3 /* DiscAudit.swift in Sources */,
				778D83EA3577B900CB3AB7BD /* DiscAuditIssue.swift in Sources */,
				73A75F82CD679C7A24FA7DC5 /* DiscInspector.swift in Sources */,
				CD3C691DEA246E7FD1C725FA /* DropZone.swift in Sources */,
				50D0F836394CA7D277E11400 /* FileItem.swift in Sources */,
				6EFDA5163C1289BF8A1599CD /* HunkyApp.swift in Sources */,
				A33B81B946F70431E4D204CF /* HunkyCommands.swift in Sources */,
				67772E63CD543ED709CB66BD /* HunkyTheme.swift in Sources */,
				7695873F18EABFD613BAF623 /* QueueController.swift in Sources */,
				D9B26AB5105E66ADD261F07C /* QueuePresentation.swift in Sources */,
				1A5C4EF8F745C07E57A6DEC8 /* QueueRow.swift in Sources */,
				051A37A5AA60FD42A48F16DB /* Redump.swift in Sources */,
			);
			runOnlyForDeploymentPostprocessing = 0;
		};
/* End PBXSourcesBuildPhase section */

/* Begin PBXTargetDependency section */
		6B7984284D3164305AC349B6 /* PBXTargetDependency */ = {
			isa = PBXTargetDependency;
			target = F53C3EC2B0F51499FC6C1E9C /* Hunky */;
			targetProxy = 25F1EEDAB847DC13138572E3 /* PBXContainerItemProxy */;
		};
/* End PBXTargetDependency section */

/* Begin XCBuildConfiguration section */
		4DBE2BFEE3368A24D571EA2B /* Release */ = {
			isa = XCBuildConfiguration;
			buildSettings = {
				ALWAYS_SEARCH_USER_PATHS = NO;
				CLANG_ANALYZER_NONNULL = YES;
				CLANG_ANALYZER_NUMBER_OBJECT_CONVERSION = YES_AGGRESSIVE;
				CLANG_CXX_LANGUAGE_STANDARD = "gnu++14";
				CLANG_CXX_LIBRARY = "libc++";
				CLANG_ENABLE_MODULES = YES;
				CLANG_ENABLE_OBJC_ARC = YES;
				CLANG_ENABLE_OBJC_WEAK = YES;
				CLANG_WARN_BLOCK_CAPTURE_AUTORELEASING = YES;
				CLANG_WARN_BOOL_CONVERSION = YES;
				CLANG_WARN_COMMA = YES;
				CLANG_WARN_CONSTANT_CONVERSION = YES;
				CLANG_WARN_DEPRECATED_OBJC_IMPLEMENTATIONS = YES;
				CLANG_WARN_DIRECT_OBJC_ISA_USAGE = YES_ERROR;
				CLANG_WARN_DOCUMENTATION_COMMENTS = YES;
				CLANG_WARN_EMPTY_BODY = YES;
				CLANG_WARN_ENUM_CONVERSION = YES;
				CLANG_WARN_INFINITE_RECURSION = YES;
				CLANG_WARN_INT_CONVERSION = YES;
				CLANG_WARN_NON_LITERAL_NULL_CONVERSION = YES;
				CLANG_WARN_OBJC_IMPLICIT_RETAIN_SELF = YES;
				CLANG_WARN_OBJC_LITERAL_CONVERSION = YES;
				CLANG_WARN_OBJC_ROOT_CLASS = YES_ERROR;
				CLANG_WARN_QUOTED_INCLUDE_IN_FRAMEWORK_HEADER = YES;
				CLANG_WARN_RANGE_LOOP_ANALYSIS = YES;
				CLANG_WARN_STRICT_PROTOTYPES = YES;
				CLANG_WARN_SUSPICIOUS_MOVE = YES;
				CLANG_WARN_UNGUARDED_AVAILABILITY = YES_AGGRESSIVE;
				CLANG_WARN_UNREACHABLE_CODE = YES;
				CLANG_WARN__DUPLICATE_METHOD_MATCH = YES;
				CODE_SIGN_IDENTITY = "-";
				CODE_SIGN_STYLE = Automatic;
				COPY_PHASE_STRIP = NO;
				CURRENT_PROJECT_VERSION = 1;
				DEBUG_INFORMATION_FORMAT = "dwarf-with-dsym";
				DEVELOPMENT_TEAM = "";
				ENABLE_HARDENED_RUNTIME = NO;
				ENABLE_NS_ASSERTIONS = NO;
				ENABLE_STRICT_OBJC_MSGSEND = YES;
				GCC_C_LANGUAGE_STANDARD = gnu11;
				GCC_NO_COMMON_BLOCKS = YES;
				GCC_WARN_64_TO_32_BIT_CONVERSION = YES;
				GCC_WARN_ABOUT_RETURN_TYPE = YES_ERROR;
				GCC_WARN_UNDECLARED_SELECTOR = YES;
				GCC_WARN_UNINITIALIZED_AUTOS = YES_AGGRESSIVE;
				GCC_WARN_UNUSED_FUNCTION = YES;
				GCC_WARN_UNUSED_VARIABLE = YES;
				MACOSX_DEPLOYMENT_TARGET = 14.0;
				MARKETING_VERSION = 0.1.0;
				MTL_ENABLE_DEBUG_INFO = NO;
				MTL_FAST_MATH = YES;
				PRODUCT_NAME = "$(TARGET_NAME)";
				SDKROOT = macosx;
				SWIFT_COMPILATION_MODE = wholemodule;
				SWIFT_OPTIMIZATION_LEVEL = "-O";
				SWIFT_VERSION = 5.10;
			};
			name = Release;
		};
		64A0E614B5D3E48F5897A6C4 /* Debug */ = {
			isa = XCBuildConfiguration;
			buildSettings = {
				BUNDLE_LOADER = "$(TEST_HOST)";
				COMBINE_HIDPI_IMAGES = YES;
				GENERATE_INFOPLIST_FILE = YES;
				LD_RUNPATH_SEARCH_PATHS = (
					"$(inherited)",
					"@executable_path/../Frameworks",
					"@loader_path/../Frameworks",
				);
				MACOSX_DEPLOYMENT_TARGET = 14.0;
				PRODUCT_BUNDLE_IDENTIFIER = com.powerbeef.HunkyTests;
				SDKROOT = macosx;
				TEST_HOST = "$(BUILT_PRODUCTS_DIR)/Hunky.app/Contents/MacOS/Hunky";
			};
			name = Debug;
		};
		D979A849D6F58D6D3D15CF1A /* Release */ = {
			isa = XCBuildConfiguration;
			buildSettings = {
				ASSETCATALOG_COMPILER_APPICON_NAME = "";
				CODE_SIGN_INJECT_BASE_ENTITLEMENTS = NO;
				COMBINE_HIDPI_IMAGES = YES;
				ENABLE_HARDENED_RUNTIME = NO;
				GENERATE_INFOPLIST_FILE = NO;
				INFOPLIST_FILE = Info.plist;
				LD_RUNPATH_SEARCH_PATHS = (
					"$(inherited)",
					"@executable_path/../Frameworks",
				);
				MACOSX_DEPLOYMENT_TARGET = 14.0;
				PRODUCT_BUNDLE_IDENTIFIER = com.powerbeef.Hunky;
				SDKROOT = macosx;
			};
			name = Release;
		};
		E37AE899C0FA0F4185A151D7 /* Release */ = {
			isa = XCBuildConfiguration;
			buildSettings = {
				BUNDLE_LOADER = "$(TEST_HOST)";
				COMBINE_HIDPI_IMAGES = YES;
				GENERATE_INFOPLIST_FILE = YES;
				LD_RUNPATH_SEARCH_PATHS = (
					"$(inherited)",
					"@executable_path/../Frameworks",
					"@loader_path/../Frameworks",
				);
				MACOSX_DEPLOYMENT_TARGET = 14.0;
				PRODUCT_BUNDLE_IDENTIFIER = com.powerbeef.HunkyTests;
				SDKROOT = macosx;
				TEST_HOST = "$(BUILT_PRODUCTS_DIR)/Hunky.app/Contents/MacOS/Hunky";
			};
			name = Release;
		};
		EB86EF7A78C2890D1C3531B3 /* Debug */ = {
			isa = XCBuildConfiguration;
			buildSettings = {
				ASSETCATALOG_COMPILER_APPICON_NAME = "";
				CODE_SIGN_INJECT_BASE_ENTITLEMENTS = NO;
				COMBINE_HIDPI_IMAGES = YES;
				ENABLE_HARDENED_RUNTIME = NO;
				GENERATE_INFOPLIST_FILE = NO;
				INFOPLIST_FILE = Info.plist;
				LD_RUNPATH_SEARCH_PATHS = (
					"$(inherited)",
					"@executable_path/../Frameworks",
				);
				MACOSX_DEPLOYMENT_TARGET = 14.0;
				PRODUCT_BUNDLE_IDENTIFIER = com.powerbeef.Hunky;
				SDKROOT = macosx;
			};
			name = Debug;
		};
		FA25927969DE5CA09AEB1791 /* Debug */ = {
			isa = XCBuildConfiguration;
			buildSettings = {
				ALWAYS_SEARCH_USER_PATHS = NO;
				CLANG_ANALYZER_NONNULL = YES;
				CLANG_ANALYZER_NUMBER_OBJECT_CONVERSION = YES_AGGRESSIVE;
				CLANG_CXX_LANGUAGE_STANDARD = "gnu++14";
				CLANG_CXX_LIBRARY = "libc++";
				CLANG_ENABLE_MODULES = YES;
				CLANG_ENABLE_OBJC_ARC = YES;
				CLANG_ENABLE_OBJC_WEAK = YES;
				CLANG_WARN_BLOCK_CAPTURE_AUTORELEASING = YES;
				CLANG_WARN_BOOL_CONVERSION = YES;
				CLANG_WARN_COMMA = YES;
				CLANG_WARN_CONSTANT_CONVERSION = YES;
				CLANG_WARN_DEPRECATED_OBJC_IMPLEMENTATIONS = YES;
				CLANG_WARN_DIRECT_OBJC_ISA_USAGE = YES_ERROR;
				CLANG_WARN_DOCUMENTATION_COMMENTS = YES;
				CLANG_WARN_EMPTY_BODY = YES;
				CLANG_WARN_ENUM_CONVERSION = YES;
				CLANG_WARN_INFINITE_RECURSION = YES;
				CLANG_WARN_INT_CONVERSION = YES;
				CLANG_WARN_NON_LITERAL_NULL_CONVERSION = YES;
				CLANG_WARN_OBJC_IMPLICIT_RETAIN_SELF = YES;
				CLANG_WARN_OBJC_LITERAL_CONVERSION = YES;
				CLANG_WARN_OBJC_ROOT_CLASS = YES_ERROR;
				CLANG_WARN_QUOTED_INCLUDE_IN_FRAMEWORK_HEADER = YES;
				CLANG_WARN_RANGE_LOOP_ANALYSIS = YES;
				CLANG_WARN_STRICT_PROTOTYPES = YES;
				CLANG_WARN_SUSPICIOUS_MOVE = YES;
				CLANG_WARN_UNGUARDED_AVAILABILITY = YES_AGGRESSIVE;
				CLANG_WARN_UNREACHABLE_CODE = YES;
				CLANG_WARN__DUPLICATE_METHOD_MATCH = YES;
				CODE_SIGN_IDENTITY = "-";
				CODE_SIGN_STYLE = Automatic;
				COPY_PHASE_STRIP = NO;
				CURRENT_PROJECT_VERSION = 1;
				DEBUG_INFORMATION_FORMAT = dwarf;
				DEVELOPMENT_TEAM = "";
				ENABLE_HARDENED_RUNTIME = NO;
				ENABLE_STRICT_OBJC_MSGSEND = YES;
				ENABLE_TESTABILITY = YES;
				GCC_C_LANGUAGE_STANDARD = gnu11;
				GCC_DYNAMIC_NO_PIC = NO;
				GCC_NO_COMMON_BLOCKS = YES;
				GCC_OPTIMIZATION_LEVEL = 0;
				GCC_PREPROCESSOR_DEFINITIONS = (
					"$(inherited)",
					"DEBUG=1",
				);
				GCC_WARN_64_TO_32_BIT_CONVERSION = YES;
				GCC_WARN_ABOUT_RETURN_TYPE = YES_ERROR;
				GCC_WARN_UNDECLARED_SELECTOR = YES;
				GCC_WARN_UNINITIALIZED_AUTOS = YES_AGGRESSIVE;
				GCC_WARN_UNUSED_FUNCTION = YES;
				GCC_WARN_UNUSED_VARIABLE = YES;
				MACOSX_DEPLOYMENT_TARGET = 14.0;
				MARKETING_VERSION = 0.1.0;
				MTL_ENABLE_DEBUG_INFO = INCLUDE_SOURCE;
				MTL_FAST_MATH = YES;
				ONLY_ACTIVE_ARCH = YES;
				PRODUCT_NAME = "$(TARGET_NAME)";
				SDKROOT = macosx;
				SWIFT_ACTIVE_COMPILATION_CONDITIONS = DEBUG;
				SWIFT_OPTIMIZATION_LEVEL = "-Onone";
				SWIFT_VERSION = 5.10;
			};
			name = Debug;
		};
/* End XCBuildConfiguration section */

/* Begin XCConfigurationList section */
		273E31D5EFC2D433E5DA0C35 /* Build configuration list for PBXProject "Hunky" */ = {
			isa = XCConfigurationList;
			buildConfigurations = (
				FA25927969DE5CA09AEB1791 /* Debug */,
				4DBE2BFEE3368A24D571EA2B /* Release */,
			);
			defaultConfigurationIsVisible = 0;
			defaultConfigurationName = Debug;
		};
		393E3F9E5F18C9749FC6F4A2 /* Build configuration list for PBXNativeTarget "HunkyTests" */ = {
			isa = XCConfigurationList;
			buildConfigurations = (
				64A0E614B5D3E48F5897A6C4 /* Debug */,
				E37AE899C0FA0F4185A151D7 /* Release */,
			);
			defaultConfigurationIsVisible = 0;
			defaultConfigurationName = Debug;
		};
		47675678B2FA1392BABD20EB /* Build configuration list for PBXNativeTarget "Hunky" */ = {
			isa = XCConfigurationList;
			buildConfigurations = (
				EB86EF7A78C2890D1C3531B3 /* Debug */,
				D979A849D6F58D6D3D15CF1A /* Release */,
			);
			defaultConfigurationIsVisible = 0;
			defaultConfigurationName = Debug;
		};
/* End XCConfigurationList section */
	};
	rootObject = 1CB434E957E9C96AB9C8A6A0 /* Project object */;
}
